- type: entity
  id: FirelockElectronics
  parent: BaseElectronics
  name: entity-firelockelectronics-name
  description: entity-firelockelectronics-description
  components:
    - type: Item
      storedRotation: 0
    - type: Sprite
      sprite: Objects/Misc/module.rsi
      state: mainboard
    - type: Tag
      tags:
      - FirelockElectronics
    - type: ReverseEngineering # Nyano
      recipes:
        - FirelockElectronics
    - type: StaticPrice
      price: 61
